
Microsoft Visual Studio Solution File, Format Version 12.00
Project("{FAE04EC0-301F-11D3-BF4B-00C04F79EFBC}") = "AHC-Intro", "AHC-Intro\AHC-Intro.csproj", "{67BFE519-05FC-48BC-8CC7-6853E06CE12B}"
EndProject
Project("{FAE04EC0-301F-11D3-BF4B-00C04F79EFBC}") = "AHC-Intro-test", "AHC-Intro-test\AHC-Intro-test.csproj", "{8DCB32FC-1151-47FA-A6AB-AA513CB8DC8A}"
EndProject
Global
	GlobalSection(SolutionConfigurationPlatforms) = preSolution
		Debug|Any CPU = Debug|Any CPU
		Release|Any CPU = Release|Any CPU
	EndGlobalSection
	GlobalSection(ProjectConfigurationPlatforms) = postSolution
		{67BFE519-05FC-48BC-8CC7-6853E06CE12B}.Debug|Any CPU.ActiveCfg = Debug|Any CPU
		{67BFE519-05FC-48BC-8CC7-6853E06CE12B}.Debug|Any CPU.Build.0 = Debug|Any CPU
		{67BFE519-05FC-48BC-8CC7-6853E06CE12B}.Release|Any CPU.ActiveCfg = Release|Any CPU
		{67BFE519-05FC-48BC-8CC7-6853E06CE12B}.Release|Any CPU.Build.0 = Release|Any CPU
		{8DCB32FC-1151-47FA-A6AB-AA513CB8DC8A}.Debug|Any CPU.ActiveCfg = Debug|Any CPU
		{8DCB32FC-1151-47FA-A6AB-AA513CB8DC8A}.Debug|Any CPU.Build.0 = Debug|Any CPU
		{8DCB32FC-1151-47FA-A6AB-AA513CB8DC8A}.Release|Any CPU.ActiveCfg = Release|Any CPU
		{8DCB32FC-1151-47FA-A6AB-AA513CB8DC8A}.Release|Any CPU.Build.0 = Release|Any CPU
	EndGlobalSection
EndGlobal
